<?xml version="1.0" encoding="UTF-8"?>
<Scheme
   version = "1.3">
   <BuildAction>
      <BuildActionEntries>
         <BuildActionEntry
            buildForRunning = "YES">
            <BuildableReference
               BuildableIdentifier = "primary"
               BlueprintIdentifier = "6919F1F5235E453800F38BF6"
               BuildableName = "CoreDataFAil.app"
               BlueprintName = "CoreDataFAil"
               ReferencedContainer = "container:CoreDataFAil.xcodeproj">
            </BuildableReference>
         </BuildActionEntry>
      </BuildActionEntries>
   </BuildAction>
   <LaunchAction
      useCustomWorkingDirectory = "NO"
      buildConfiguration = "Debug"
      allowLocationSimulation = "YES">
      <BuildableProductRunnable>
         <BuildableReference
            BuildableIdentifier = "primary"
            BlueprintIdentifier = "6919F1F5235E453800F38BF6"
            BuildableName = "CoreDataFAil.app"
            BlueprintName = "CoreDataFAil"
            ReferencedContainer = "container:CoreDataFAil.xcodeproj">
         </BuildableReference>
      </BuildableProductRunnable>
   </LaunchAction>
</Scheme>
